PODS:
  - R87AttributedString (0.2.0)

DEPENDENCIES:
  - R87AttributedString (from `../`)

EXTERNAL SOURCES:
  R87AttributedString:
    :path: "../"

SPEC CHECKSUMS:
  R87AttributedString: 628f646f9a9873f8cf35b291709bc3fe354eb8ab

PODFILE CHECKSUM: 144793c206761a182cbd7984013ba0a149ee307f

COCOAPODS: 1.5.3
